
Microsoft Visual Studio Solution File, Format Version 12.00
# Visual Studio Version 17
VisualStudioVersion = 17.0.32126.317
MinimumVisualStudioVersion = 10.0.40219.1
Project("{FAE04EC0-301F-11D3-BF4B-00C04F79EFBC}") = "EFCoreTest.Web", "EFCoreTest.Web\EFCoreTest.Web.csproj", "{BB4BCE9E-E76A-46CA-A606-3114CCB5FF31}"
EndProject
Project("{FAE04EC0-301F-11D3-BF4B-00C04F79EFBC}") = "EFCoreTest.Common", "EFCoreTest.Common\EFCoreTest.Common.csproj", "{FA244C0A-EFA5-48F6-B1E4-5F15ABD2422A}"
EndProject
Global
	GlobalSection(SolutionConfigurationPlatforms) = preSolution
		Debug|Any CPU = Debug|Any CPU
		Release|Any CPU = Release|Any CPU
	EndGlobalSection
	GlobalSection(ProjectConfigurationPlatforms) = postSolution
		{BB4BCE9E-E76A-46CA-A606-3114CCB5FF31}.Debug|Any CPU.ActiveCfg = Debug|Any CPU
		{BB4BCE9E-E76A-46CA-A606-3114CCB5FF31}.Debug|Any CPU.Build.0 = Debug|Any CPU
		{BB4BCE9E-E76A-46CA-A606-3114CCB5FF31}.Release|Any CPU.ActiveCfg = Release|Any CPU
		{BB4BCE9E-E76A-46CA-A606-3114CCB5FF31}.Release|Any CPU.Build.0 = Release|Any CPU
		{FA244C0A-EFA5-48F6-B1E4-5F15ABD2422A}.Debug|Any CPU.ActiveCfg = Debug|Any CPU
		{FA244C0A-EFA5-48F6-B1E4-5F15ABD2422A}.Debug|Any CPU.Build.0 = Debug|Any CPU
		{FA244C0A-EFA5-48F6-B1E4-5F15ABD2422A}.Release|Any CPU.ActiveCfg = Release|Any CPU
		{FA244C0A-EFA5-48F6-B1E4-5F15ABD2422A}.Release|Any CPU.Build.0 = Release|Any CPU
	EndGlobalSection
	GlobalSection(SolutionProperties) = preSolution
		HideSolutionNode = FALSE
	EndGlobalSection
	GlobalSection(ExtensibilityGlobals) = postSolution
		SolutionGuid = {59CECD08-9035-4703-90C2-1546536611A2}
	EndGlobalSection
EndGlobal
