
Microsoft Visual Studio Solution File, Format Version 12.00
# Visual Studio Version 17
VisualStudioVersion = 17.0.32126.317
MinimumVisualStudioVersion = 10.0.40219.1
Project("{9A19103F-16F7-4668-BE54-9A1E7A4F7556}") = "EFCoreTest.API", "EFCoreTest.API\EFCoreTest.API.csproj", "{C70FAEDD-AD91-4D98-B4EB-4EB26247D68F}"
EndProject
Project("{54A90642-561A-4BB1-A94E-469ADEE60C69}") = "EFCoreTest.React", "EFCoreTest.React\EFCoreTest.React.esproj", "{910C2F8B-3A8A-42E3-A2D0-AE3F59254D65}"
EndProject
Global
	GlobalSection(SolutionConfigurationPlatforms) = preSolution
		Debug|Any CPU = Debug|Any CPU
		Release|Any CPU = Release|Any CPU
	EndGlobalSection
	GlobalSection(ProjectConfigurationPlatforms) = postSolution
		{C70FAEDD-AD91-4D98-B4EB-4EB26247D68F}.Debug|Any CPU.ActiveCfg = Debug|Any CPU
		{C70FAEDD-AD91-4D98-B4EB-4EB26247D68F}.Debug|Any CPU.Build.0 = Debug|Any CPU
		{C70FAEDD-AD91-4D98-B4EB-4EB26247D68F}.Release|Any CPU.ActiveCfg = Release|Any CPU
		{C70FAEDD-AD91-4D98-B4EB-4EB26247D68F}.Release|Any CPU.Build.0 = Release|Any CPU
		{910C2F8B-3A8A-42E3-A2D0-AE3F59254D65}.Debug|Any CPU.ActiveCfg = Debug|Any CPU
		{910C2F8B-3A8A-42E3-A2D0-AE3F59254D65}.Debug|Any CPU.Build.0 = Debug|Any CPU
		{910C2F8B-3A8A-42E3-A2D0-AE3F59254D65}.Debug|Any CPU.Deploy.0 = Debug|Any CPU
		{910C2F8B-3A8A-42E3-A2D0-AE3F59254D65}.Release|Any CPU.ActiveCfg = Release|Any CPU
		{910C2F8B-3A8A-42E3-A2D0-AE3F59254D65}.Release|Any CPU.Build.0 = Release|Any CPU
		{910C2F8B-3A8A-42E3-A2D0-AE3F59254D65}.Release|Any CPU.Deploy.0 = Release|Any CPU
	EndGlobalSection
	GlobalSection(SolutionProperties) = preSolution
		HideSolutionNode = FALSE
	EndGlobalSection
	GlobalSection(ExtensibilityGlobals) = postSolution
		SolutionGuid = {59CECD08-9035-4703-90C2-1546536611A2}
	EndGlobalSection
EndGlobal
